// !$*UTF8*$!
{
	archiveVersion = 1;
	classes = {
	};
	objectVersion = 46;
	objects = {

/* Begin PBXBuildFile section */
		1F0D474B1871C507003381F2 /* Default-568h@2x.png in Resources */ = {isa = PBXBuildFile; fileRef = 1F0D474A1871C507003381F2 /* Default-568h@2x.png */; };
		48C34CA814D920D40012AB8B /* UIKit.framework in Frameworks */ = {isa = PBXBuildFile; fileRef = 48C34CA714D920D40012AB8B /* UIKit.framework */; };
		48C34CAA14D920D40012AB8B /* Foundation.framework in Frameworks */ = {isa = PBXBuildFile; fileRef = 48C34CA914D920D40012AB8B /* Foundation.framework */; };
		48C34CAC14D920D40012AB8B /* CoreGraphics.framework in Frameworks */ = {isa = PBXBuildFile; fileRef = 48C34CAB14D920D40012AB8B /* CoreGraphics.framework */; };
		48C34CB214D920D40012AB8B /* InfoPlist.strings in Resources */ = {isa = PBXBuildFile; fileRef = 48C34CB014D920D40012AB8B /* InfoPlist.strings */; };
		48C34CB414D920D50012AB8B /* main.m in Sources */ = {isa = PBXBuildFile; fileRef = 48C34CB314D920D40012AB8B /* main.m */; };
		48C34CB814D920D50012AB8B /* AppDelegate.m in Sources */ = {isa = PBXBuildFile; fileRef = 48C34CB714D920D50012AB8B /* AppDelegate.m */; };
		48C34CBB14D920D50012AB8B /* MainStoryboard.storyboard in Resources */ = {isa = PBXBuildFile; fileRef = 48C34CB914D920D50012AB8B /* MainStoryboard.storyboard */; };
		48C34CBE14D920D50012AB8B /* ViewController.m in Sources */ = {isa = PBXBuildFile; fileRef = 48C34CBD14D920D50012AB8B /* ViewController.m */; };
		48C34CD114D923DE0012AB8B /* QuartzCore.framework in Frameworks */ = {isa = PBXBuildFile; fileRef = 48C34CD014D923DE0012AB8B /* QuartzCore.framework */; };
		734895B1B7014FA2B24771B2 /* libPods.a in Frameworks */ = {isa = PBXBuildFile; fileRef = A3F71381404F4BE99FA0B57B /* libPods.a */; };
/* End PBXBuildFile section */

/* Begin PBXFileReference section */
		1F0D474A1871C507003381F2 /* Default-568h@2x.png */ = {isa = PBXFileReference; lastKnownFileType = image.png; path = "Default-568h@2x.png"; sourceTree = "<group>"; };
		2FA1681FC12D2621EC3EDBA1 /* Pods.debug.xcconfig */ = {isa = PBXFileReference; includeInIndex = 1; lastKnownFileType = text.xcconfig; name = Pods.debug.xcconfig; path = "Pods/Target Support Files/Pods/Pods.debug.xcconfig"; sourceTree = "<group>"; };
		48C34CA314D920D40012AB8B /* YIPopupTextViewDemo.app */ = {isa = PBXFileReference; explicitFileType = wrapper.application; includeInIndex = 0; path = YIPopupTextViewDemo.app; sourceTree = BUILT_PRODUCTS_DIR; };
		48C34CA714D920D40012AB8B /* UIKit.framework */ = {isa = PBXFileReference; lastKnownFileType = wrapper.framework; name = UIKit.framework; path = System/Library/Frameworks/UIKit.framework; sourceTree = SDKROOT; };
		48C34CA914D920D40012AB8B /* Foundation.framework */ = {isa = PBXFileReference; lastKnownFileType = wrapper.framework; name = Foundation.framework; path = System/Library/Frameworks/Foundation.framework; sourceTree = SDKROOT; };
		48C34CAB14D920D40012AB8B /* CoreGraphics.framework */ = {isa = PBXFileReference; lastKnownFileType = wrapper.framework; name = CoreGraphics.framework; path = System/Library/Frameworks/CoreGraphics.framework; sourceTree = SDKROOT; };
		48C34CAF14D920D40012AB8B /* YIPopupTextViewDemo-Info.plist */ = {isa = PBXFileReference; lastKnownFileType = text.plist.xml; path = "YIPopupTextViewDemo-Info.plist"; sourceTree = "<group>"; };
		48C34CB114D920D40012AB8B /* en */ = {isa = PBXFileReference; lastKnownFileType = text.plist.strings; name = en; path = en.lproj/InfoPlist.strings; sourceTree = "<group>"; };
		48C34CB314D920D40012AB8B /* main.m */ = {isa = PBXFileReference; lastKnownFileType = sourcecode.c.objc; path = main.m; sourceTree = "<group>"; };
		48C34CB514D920D50012AB8B /* YIPopupTextViewDemo-Prefix.pch */ = {isa = PBXFileReference; lastKnownFileType = sourcecode.c.h; path = "YIPopupTextViewDemo-Prefix.pch"; sourceTree = "<group>"; };
		48C34CB614D920D50012AB8B /* AppDelegate.h */ = {isa = PBXFileReference; lastKnownFileType = sourcecode.c.h; path = AppDelegate.h; sourceTree = "<group>"; };
		48C34CB714D920D50012AB8B /* AppDelegate.m */ = {isa = PBXFileReference; lastKnownFileType = sourcecode.c.objc; path = AppDelegate.m; sourceTree = "<group>"; };
		48C34CBA14D920D50012AB8B /* en */ = {isa = PBXFileReference; lastKnownFileType = file.storyboard; name = en; path = en.lproj/MainStoryboard.storyboard; sourceTree = "<group>"; };
		48C34CBC14D920D50012AB8B /* ViewController.h */ = {isa = PBXFileReference; lastKnownFileType = sourcecode.c.h; path = ViewController.h; sourceTree = "<group>"; };
		48C34CBD14D920D50012AB8B /* ViewController.m */ = {isa = PBXFileReference; lastKnownFileType = sourcecode.c.objc; path = ViewController.m; sourceTree = "<group>"; };
		48C34CD014D923DE0012AB8B /* QuartzCore.framework */ = {isa = PBXFileReference; lastKnownFileType = wrapper.framework; name = QuartzCore.framework; path = System/Library/Frameworks/QuartzCore.framework; sourceTree = SDKROOT; };
		A3F71381404F4BE99FA0B57B /* libPods.a */ = {isa = PBXFileReference; explicitFileType = archive.ar; includeInIndex = 0; path = libPods.a; sourceTree = BUILT_PRODUCTS_DIR; };
		FA0205B172C8DF99B720AF2C /* Pods.debug.xcconfig */ = {isa = PBXFileReference; includeInIndex = 1; lastKnownFileType = text.xcconfig; name = Pods.debug.xcconfig; path = "Pods/Target Support Files/Pods/Pods.debug.xcconfig"; sourceTree = "<group>"; };
		FD1D49A2BA9F61EBC02E70EB /* Pods.release.xcconfig */ = {isa = PBXFileReference; includeInIndex = 1; lastKnownFileType = text.xcconfig; name = Pods.release.xcconfig; path = "Pods/Target Support Files/Pods/Pods.release.xcconfig"; sourceTree = "<group>"; };
/* End PBXFileReference section */

/* Begin PBXFrameworksBuildPhase section */
		48C34CA014D920D40012AB8B /* Frameworks */ = {
			isa = PBXFrameworksBuildPhase;
			buildActionMask = 2147483647;
			files = (
				48C34CD114D923DE0012AB8B /* QuartzCore.framework in Frameworks */,
				48C34CA814D920D40012AB8B /* UIKit.framework in Frameworks */,
				48C34CAA14D920D40012AB8B /* Foundation.framework in Frameworks */,
				48C34CAC14D920D40012AB8B /* CoreGraphics.framework in Frameworks */,
				734895B1B7014FA2B24771B2 /* libPods.a in Frameworks */,
			);
			runOnlyForDeploymentPostprocessing = 0;
		};
/* End PBXFrameworksBuildPhase section */

/* Begin PBXGroup section */
		35AC4E1C30CBEB58026AE9BB /* Pods */ = {
			isa = PBXGroup;
			children = (
				2FA1681FC12D2621EC3EDBA1 /* Pods.debug.xcconfig */,
				EC6D7C6A4273BDFEBABA5F39 /* Pods.release.xcconfig */,
			);
			name = Pods;
			sourceTree = "<group>";
		};
		48C34C9814D920D40012AB8B = {
			isa = PBXGroup;
			children = (
				48C34CAD14D920D40012AB8B /* YIPopupTextViewDemo */,
				48C34CA614D920D40012AB8B /* Frameworks */,
				48C34CA414D920D40012AB8B /* Products */,
				56EF6208384F19B80BECF912 /* Pods */,
			);
			sourceTree = "<group>";
		};
		48C34CA414D920D40012AB8B /* Products */ = {
			isa = PBXGroup;
			children = (
				48C34CA314D920D40012AB8B /* YIPopupTextViewDemo.app */,
			);
			name = Products;
			sourceTree = "<group>";
		};
		48C34CA614D920D40012AB8B /* Frameworks */ = {
			isa = PBXGroup;
			children = (
				48C34CD014D923DE0012AB8B /* QuartzCore.framework */,
				48C34CA714D920D40012AB8B /* UIKit.framework */,
				48C34CA914D920D40012AB8B /* Foundation.framework */,
				48C34CAB14D920D40012AB8B /* CoreGraphics.framework */,
				A3F71381404F4BE99FA0B57B /* libPods.a */,
			);
			name = Frameworks;
			sourceTree = "<group>";
		};
		48C34CAD14D920D40012AB8B /* YIPopupTextViewDemo */ = {
			isa = PBXGroup;
			children = (
				48C34CB614D920D50012AB8B /* AppDelegate.h */,
				48C34CB714D920D50012AB8B /* AppDelegate.m */,
				48C34CB914D920D50012AB8B /* MainStoryboard.storyboard */,
				48C34CBC14D920D50012AB8B /* ViewController.h */,
				48C34CBD14D920D50012AB8B /* ViewController.m */,
				1F0D474A1871C507003381F2 /* Default-568h@2x.png */,
				48C34CAE14D920D40012AB8B /* Supporting Files */,
			);
			path = YIPopupTextViewDemo;
			sourceTree = "<group>";
		};
		48C34CAE14D920D40012AB8B /* Supporting Files */ = {
			isa = PBXGroup;
			children = (
				48C34CAF14D920D40012AB8B /* YIPopupTextViewDemo-Info.plist */,
				48C34CB014D920D40012AB8B /* InfoPlist.strings */,
				48C34CB314D920D40012AB8B /* main.m */,
				48C34CB514D920D50012AB8B /* YIPopupTextViewDemo-Prefix.pch */,
			);
			name = "Supporting Files";
			sourceTree = "<group>";
		};
		56EF6208384F19B80BECF912 /* Pods */ = {
			isa = PBXGroup;
			children = (
				FA0205B172C8DF99B720AF2C /* Pods.debug.xcconfig */,
				FD1D49A2BA9F61EBC02E70EB /* Pods.release.xcconfig */,
			);
			name = Pods;
			sourceTree = "<group>";
		};
/* End PBXGroup section */

/* Begin PBXNativeTarget section */
		48C34CA214D920D40012AB8B /* YIPopupTextViewDemo */ = {
			isa = PBXNativeTarget;
			buildConfigurationList = 48C34CC114D920D50012AB8B /* Build configuration list for PBXNativeTarget "YIPopupTextViewDemo" */;
			buildPhases = (
				101FFB63EDAE4704849A07BA /* Check Pods Manifest.lock */,
				48C34C9F14D920D40012AB8B /* Sources */,
				48C34CA014D920D40012AB8B /* Frameworks */,
				48C34CA114D920D40012AB8B /* Resources */,
				7F3307B5CCB14DB2B235DC1E /* Copy Pods Resources */,
			);
			buildRules = (
			);
			dependencies = (
			);
			name = YIPopupTextViewDemo;
			productName = YIPopupTextViewDemo;
			productReference = 48C34CA314D920D40012AB8B /* YIPopupTextViewDemo.app */;
			productType = "com.apple.product-type.application";
		};
/* End PBXNativeTarget section */

/* Begin PBXProject section */
		48C34C9A14D920D40012AB8B /* Project object */ = {
			isa = PBXProject;
			attributes = {
				LastUpgradeCheck = 0420;
				ORGANIZATIONNAME = "Yasuhiro Inami";
			};
			buildConfigurationList = 48C34C9D14D920D40012AB8B /* Build configuration list for PBXProject "YIPopupTextViewDemo" */;
			compatibilityVersion = "Xcode 3.2";
			developmentRegion = English;
			hasScannedForEncodings = 0;
			knownRegions = (
				en,
			);
			mainGroup = 48C34C9814D920D40012AB8B;
			productRefGroup = 48C34CA414D920D40012AB8B /* Products */;
			projectDirPath = "";
			projectRoot = "";
			targets = (
				48C34CA214D920D40012AB8B /* YIPopupTextViewDemo */,
			);
		};
/* End PBXProject section */

/* Begin PBXResourcesBuildPhase section */
		48C34CA114D920D40012AB8B /* Resources */ = {
			isa = PBXResourcesBuildPhase;
			buildActionMask = 2147483647;
			files = (
				48C34CB214D920D40012AB8B /* InfoPlist.strings in Resources */,
				48C34CBB14D920D50012AB8B /* MainStoryboard.storyboard in Resources */,
				1F0D474B1871C507003381F2 /* Default-568h@2x.png in Resources */,
			);
			runOnlyForDeploymentPostprocessing = 0;
		};
/* End PBXResourcesBuildPhase section */

/* Begin PBXShellScriptBuildPhase section */
		101FFB63EDAE4704849A07BA /* Check Pods Manifest.lock */ = {
			isa = PBXShellScriptBuildPhase;
			buildActionMask = 2147483647;
			files = (
			);
			inputPaths = (
			);
			name = "Check Pods Manifest.lock";
			outputPaths = (
			);
			runOnlyForDeploymentPostprocessing = 0;
			shellPath = /bin/sh;
			shellScript = "diff \"${PODS_ROOT}/../Podfile.lock\" \"${PODS_ROOT}/Manifest.lock\" > /dev/null\nif [[ $? != 0 ]] ; then\n    cat << EOM\nerror: The sanbox is not in sync with the Podfile.lock. Run 'pod install'.\nEOM\n    exit 1\nfi\n";
		};
		7F3307B5CCB14DB2B235DC1E /* Copy Pods Resources */ = {
			isa = PBXShellScriptBuildPhase;
			buildActionMask = 2147483647;
			files = (
			);
			inputPaths = (
			);
			name = "Copy Pods Resources";
			outputPaths = (
			);
			runOnlyForDeploymentPostprocessing = 0;
			shellPath = /bin/sh;
			shellScript = "\"${SRCROOT}/Pods/Target Support Files/Pods/Pods-resources.sh\"\n";
		};
/* End PBXShellScriptBuildPhase section */

/* Begin PBXSourcesBuildPhase section */
		48C34C9F14D920D40012AB8B /* Sources */ = {
			isa = PBXSourcesBuildPhase;
			buildActionMask = 2147483647;
			files = (
				48C34CB414D920D50012AB8B /* main.m in Sources */,
				48C34CB814D920D50012AB8B /* AppDelegate.m in Sources */,
				48C34CBE14D920D50012AB8B /* ViewController.m in Sources */,
			);
			runOnlyForDeploymentPostprocessing = 0;
		};
/* End PBXSourcesBuildPhase section */

/* Begin PBXVariantGroup section */
		48C34CB014D920D40012AB8B /* InfoPlist.strings */ = {
			isa = PBXVariantGroup;
			children = (
				48C34CB114D920D40012AB8B /* en */,
			);
			name = InfoPlist.strings;
			sourceTree = "<group>";
		};
		48C34CB914D920D50012AB8B /* MainStoryboard.storyboard */ = {
			isa = PBXVariantGroup;
			children = (
				48C34CBA14D920D50012AB8B /* en */,
			);
			name = MainStoryboard.storyboard;
			sourceTree = "<group>";
		};
/* End PBXVariantGroup section */

/* Begin XCBuildConfiguration section */
		48C34CBF14D920D50012AB8B /* Debug */ = {
			isa = XCBuildConfiguration;
			buildSettings = {
				ALWAYS_SEARCH_USER_PATHS = NO;
				ARCHS = "$(ARCHS_STANDARD_32_BIT)";
				CLANG_ENABLE_OBJC_ARC = YES;
				"CODE_SIGN_IDENTITY[sdk=iphoneos*]" = "iPhone Developer";
				COPY_PHASE_STRIP = NO;
				GCC_C_LANGUAGE_STANDARD = gnu99;
				GCC_DYNAMIC_NO_PIC = NO;
				GCC_OPTIMIZATION_LEVEL = 0;
				GCC_PREPROCESSOR_DEFINITIONS = (
					"DEBUG=1",
					"$(inherited)",
				);
				GCC_SYMBOLS_PRIVATE_EXTERN = NO;
				GCC_VERSION = com.apple.compilers.llvm.clang.1_0;
				GCC_WARN_ABOUT_MISSING_PROTOTYPES = YES;
				GCC_WARN_ABOUT_RETURN_TYPE = YES;
				GCC_WARN_UNUSED_VARIABLE = YES;
				IPHONEOS_DEPLOYMENT_TARGET = 5.0;
				SDKROOT = iphoneos;
			};
			name = Debug;
		};
		48C34CC014D920D50012AB8B /* Release */ = {
			isa = XCBuildConfiguration;
			buildSettings = {
				ALWAYS_SEARCH_USER_PATHS = NO;
				ARCHS = "$(ARCHS_STANDARD_32_BIT)";
				CLANG_ENABLE_OBJC_ARC = YES;
				"CODE_SIGN_IDENTITY[sdk=iphoneos*]" = "iPhone Developer";
				COPY_PHASE_STRIP = YES;
				GCC_C_LANGUAGE_STANDARD = gnu99;
				GCC_VERSION = com.apple.compilers.llvm.clang.1_0;
				GCC_WARN_ABOUT_MISSING_PROTOTYPES = YES;
				GCC_WARN_ABOUT_RETURN_TYPE = YES;
				GCC_WARN_UNUSED_VARIABLE = YES;
				IPHONEOS_DEPLOYMENT_TARGET = 5.0;
				OTHER_CFLAGS = "-DNS_BLOCK_ASSERTIONS=1";
				SDKROOT = iphoneos;
				VALIDATE_PRODUCT = YES;
			};
			name = Release;
		};
		48C34CC214D920D50012AB8B /* Debug */ = {
			isa = XCBuildConfiguration;
			baseConfigurationReference = FA0205B172C8DF99B720AF2C /* Pods.debug.xcconfig */;
			buildSettings = {
				GCC_PRECOMPILE_PREFIX_HEADER = YES;
				GCC_PREFIX_HEADER = "YIPopupTextViewDemo/YIPopupTextViewDemo-Prefix.pch";
				INFOPLIST_FILE = "YIPopupTextViewDemo/YIPopupTextViewDemo-Info.plist";
				IPHONEOS_DEPLOYMENT_TARGET = 8.0;
				PRODUCT_NAME = "$(TARGET_NAME)";
				TARGETED_DEVICE_FAMILY = "1,2";
				WRAPPER_EXTENSION = app;
			};
			name = Debug;
		};
		48C34CC314D920D50012AB8B /* Release */ = {
			isa = XCBuildConfiguration;
			baseConfigurationReference = FD1D49A2BA9F61EBC02E70EB /* Pods.release.xcconfig */;
			buildSettings = {
				GCC_PRECOMPILE_PREFIX_HEADER = YES;
				GCC_PREFIX_HEADER = "YIPopupTextViewDemo/YIPopupTextViewDemo-Prefix.pch";
				INFOPLIST_FILE = "YIPopupTextViewDemo/YIPopupTextViewDemo-Info.plist";
				IPHONEOS_DEPLOYMENT_TARGET = 8.0;
				PRODUCT_NAME = "$(TARGET_NAME)";
				TARGETED_DEVICE_FAMILY = "1,2";
				WRAPPER_EXTENSION = app;
			};
			name = Release;
		};
/* End XCBuildConfiguration section */

/* Begin XCConfigurationList section */
		48C34C9D14D920D40012AB8B /* Build configuration list for PBXProject "YIPopupTextViewDemo" */ = {
			isa = XCConfigurationList;
			buildConfigurations = (
				48C34CBF14D920D50012AB8B /* Debug */,
				48C34CC014D920D50012AB8B /* Release */,
			);
			defaultConfigurationIsVisible = 0;
			defaultConfigurationName = Release;
		};
		48C34CC114D920D50012AB8B /* Build configuration list for PBXNativeTarget "YIPopupTextViewDemo" */ = {
			isa = XCConfigurationList;
			buildConfigurations = (
				48C34CC214D920D50012AB8B /* Debug */,
				48C34CC314D920D50012AB8B /* Release */,
			);
			defaultConfigurationIsVisible = 0;
			defaultConfigurationName = Release;
		};
/* End XCConfigurationList section */
	};
	rootObject = 48C34C9A14D920D40012AB8B /* Project object */;
}
